
Microsoft Visual Studio Solution File, Format Version 12.00
# Visual Studio 2013
VisualStudioVersion = 12.0.30723.0
MinimumVisualStudioVersion = 10.0.40219.1
Project("{FAE04EC0-301F-11D3-BF4B-00C04F79EFBC}") = "LM.Data", "LM.Data\LM.Data.csproj", "{9B022C8D-8176-430F-A6B7-A347A75DC4F5}"
EndProject
Project("{2150E333-8FDC-42A3-9474-1A3956D46DE8}") = ".nuget", ".nuget", "{92138930-6412-44AF-BF44-E88D528B9C7A}"
	ProjectSection(SolutionItems) = preProject
		.nuget\NuGet.Config = .nuget\NuGet.Config
		.nuget\NuGet.exe = .nuget\NuGet.exe
		.nuget\NuGet.targets = .nuget\NuGet.targets
	EndProjectSection
EndProject
Project("{FAE04EC0-301F-11D3-BF4B-00C04F79EFBC}") = "LM.WpfClient", "LM.WpfClient\LM.WpfClient.csproj", "{063F0B5A-A138-4C15-B259-32B1632204BF}"
EndProject
Project("{FAE04EC0-301F-11D3-BF4B-00C04F79EFBC}") = "LM.Data.EF", "LM.Data.EF\LM.Data.EF.csproj", "{7043A305-809C-4346-841C-4C8ED45E646A}"
EndProject
Project("{FAE04EC0-301F-11D3-BF4B-00C04F79EFBC}") = "LM.Framework", "LM.Framework\LM.Framework.csproj", "{BF63F401-245A-44C8-AF1A-F2B58F422B4C}"
EndProject
Project("{FAE04EC0-301F-11D3-BF4B-00C04F79EFBC}") = "LM.ApplicationServices", "LM.ApplicationServices\LM.ApplicationServices.csproj", "{D425CDF7-6611-4A4D-8B5D-265980E8D80A}"
EndProject
Global
	GlobalSection(SolutionConfigurationPlatforms) = preSolution
		Debug|Any CPU = Debug|Any CPU
		Release|Any CPU = Release|Any CPU
	EndGlobalSection
	GlobalSection(ProjectConfigurationPlatforms) = postSolution
		{9B022C8D-8176-430F-A6B7-A347A75DC4F5}.Debug|Any CPU.ActiveCfg = Debug|Any CPU
		{9B022C8D-8176-430F-A6B7-A347A75DC4F5}.Debug|Any CPU.Build.0 = Debug|Any CPU
		{9B022C8D-8176-430F-A6B7-A347A75DC4F5}.Release|Any CPU.ActiveCfg = Release|Any CPU
		{9B022C8D-8176-430F-A6B7-A347A75DC4F5}.Release|Any CPU.Build.0 = Release|Any CPU
		{063F0B5A-A138-4C15-B259-32B1632204BF}.Debug|Any CPU.ActiveCfg = Debug|Any CPU
		{063F0B5A-A138-4C15-B259-32B1632204BF}.Debug|Any CPU.Build.0 = Debug|Any CPU
		{063F0B5A-A138-4C15-B259-32B1632204BF}.Release|Any CPU.ActiveCfg = Release|Any CPU
		{063F0B5A-A138-4C15-B259-32B1632204BF}.Release|Any CPU.Build.0 = Release|Any CPU
		{7043A305-809C-4346-841C-4C8ED45E646A}.Debug|Any CPU.ActiveCfg = Debug|Any CPU
		{7043A305-809C-4346-841C-4C8ED45E646A}.Debug|Any CPU.Build.0 = Debug|Any CPU
		{7043A305-809C-4346-841C-4C8ED45E646A}.Release|Any CPU.ActiveCfg = Release|Any CPU
		{7043A305-809C-4346-841C-4C8ED45E646A}.Release|Any CPU.Build.0 = Release|Any CPU
		{BF63F401-245A-44C8-AF1A-F2B58F422B4C}.Debug|Any CPU.ActiveCfg = Debug|Any CPU
		{BF63F401-245A-44C8-AF1A-F2B58F422B4C}.Debug|Any CPU.Build.0 = Debug|Any CPU
		{BF63F401-245A-44C8-AF1A-F2B58F422B4C}.Release|Any CPU.ActiveCfg = Release|Any CPU
		{BF63F401-245A-44C8-AF1A-F2B58F422B4C}.Release|Any CPU.Build.0 = Release|Any CPU
		{D425CDF7-6611-4A4D-8B5D-265980E8D80A}.Debug|Any CPU.ActiveCfg = Debug|Any CPU
		{D425CDF7-6611-4A4D-8B5D-265980E8D80A}.Debug|Any CPU.Build.0 = Debug|Any CPU
		{D425CDF7-6611-4A4D-8B5D-265980E8D80A}.Release|Any CPU.ActiveCfg = Release|Any CPU
		{D425CDF7-6611-4A4D-8B5D-265980E8D80A}.Release|Any CPU.Build.0 = Release|Any CPU
	EndGlobalSection
	GlobalSection(SolutionProperties) = preSolution
		HideSolutionNode = FALSE
	EndGlobalSection
EndGlobal
